{
    "_meta": {
        "hash": {
            "sha256": "b97e95210411fba046eb9e76c0be6c64ebad1ae4e815c86badba93f4590a3efe"
        },
        "pipfile-spec": 6,
        "requires": {
            "python_version": "3.8"
        },
        "sources": [
            {
                "name": "pypi",
                "url": "https://pypi.org/simple",
                "verify_ssl": true
            }
        ]
    },
    "default": {
        "greenlet": {
            "hashes": [
                "sha256:03a8f4f3430c3b3ff8d10a2a86028c660355ab637cee9333d63d66b56f09d52a",
                "sha256:0bf60faf0bc2468089bdc5edd10555bab6e85152191df713e2ab1fcc86382b5a",
                "sha256:18a7f18b82b52ee85322d7a7874e676f34ab319b9f8cce5de06067384aa8ff43",
                "sha256:18e98fb3de7dba1c0a852731c3070cf022d14f0d68b4c87a19cc1016f3bb8b33",
                "sha256:1a819eef4b0e0b96bb0d98d797bef17dc1b4a10e8d7446be32d1da33e095dbb8",
                "sha256:26fbfce90728d82bc9e6c38ea4d038cba20b7faf8a0ca53a9c07b67318d46088",
                "sha256:2780572ec463d44c1d3ae850239508dbeb9fed38e294c68d19a24d925d9223ca",
                "sha256:283737e0da3f08bd637b5ad058507e578dd462db259f7f6e4c5c365ba4ee9343",
                "sha256:2d4686f195e32d36b4d7cf2d166857dbd0ee9f3d20ae349b6bf8afc8485b3645",
                "sha256:2dd11f291565a81d71dab10b7033395b7a3a5456e637cf997a6f33ebdf06f8db",
                "sha256:30bcf80dda7f15ac77ba5af2b961bdd9dbc77fd4ac6105cee85b0d0a5fcf74df",
                "sha256:32e5b64b148966d9cccc2c8d35a671409e45f195864560829f395a54226408d3",
                "sha256:36abbf031e1c0f79dd5d596bfaf8e921c41df2bdf54ee1eed921ce1f52999a86",
                "sha256:3a06ad5312349fec0ab944664b01d26f8d1f05009566339ac6f63f56589bc1a2",
                "sha256:3a51c9751078733d88e013587b108f1b7a1fb106d402fb390740f002b6f6551a",
                "sha256:3c9b12575734155d0c09d6c3e10dbd81665d5c18e1a7c6597df72fd05990c8cf",
                "sha256:3f6ea9bd35eb450837a3d80e77b517ea5bc56b4647f5502cd28de13675ee12f7",
                "sha256:4b58adb399c4d61d912c4c331984d60eb66565175cdf4a34792cd9600f21b394",
                "sha256:4d2e11331fc0c02b6e84b0d28ece3a36e0548ee1a1ce9ddde03752d9b79bba40",
                "sha256:5454276c07d27a740c5892f4907c86327b632127dd9abec42ee62e12427ff7e3",
                "sha256:561091a7be172ab497a3527602d467e2b3fbe75f9e783d8b8ce403fa414f71a6",
                "sha256:6c3acb79b0bfd4fe733dff8bc62695283b57949ebcca05ae5c129eb606ff2d74",
                "sha256:703f18f3fda276b9a916f0934d2fb6d989bf0b4fb5a64825260eb9bfd52d78f0",
                "sha256:7492e2b7bd7c9b9916388d9df23fa49d9b88ac0640db0a5b4ecc2b653bf451e3",
                "sha256:76ae285c8104046b3a7f06b42f29c7b73f77683df18c49ab5af7983994c2dd91",
                "sha256:7cafd1208fdbe93b67c7086876f061f660cfddc44f404279c1585bbf3cdc64c5",
                "sha256:7efde645ca1cc441d6dc4b48c0f7101e8d86b54c8530141b09fd31cef5149ec9",
                "sha256:88d9ab96491d38a5ab7c56dd7a3cc37d83336ecc564e4e8816dbed12e5aaefc8",
                "sha256:8eab883b3b2a38cc1e050819ef06a7e6344d4a990d24d45bc6f2cf959045a45b",
                "sha256:910841381caba4f744a44bf81bfd573c94e10b3045ee00de0cbf436fe50673a6",
                "sha256:9190f09060ea4debddd24665d6804b995a9c122ef5917ab26e1566dcc712ceeb",
                "sha256:937e9020b514ceedb9c830c55d5c9872abc90f4b5862f89c0887033ae33c6f73",
                "sha256:94c817e84245513926588caf1152e3b559ff794d505555211ca041f032abbb6b",
                "sha256:971ce5e14dc5e73715755d0ca2975ac88cfdaefcaab078a284fea6cfabf866df",
                "sha256:9d14b83fab60d5e8abe587d51c75b252bcc21683f24699ada8fb275d7712f5a9",
                "sha256:9f35ec95538f50292f6d8f2c9c9f8a3c6540bbfec21c9e5b4b751e0a7c20864f",
                "sha256:a1846f1b999e78e13837c93c778dcfc3365902cfb8d1bdb7dd73ead37059f0d0",
                "sha256:acd2162a36d3de67ee896c43effcd5ee3de247eb00354db411feb025aa319857",
                "sha256:b0ef99cdbe2b682b9ccbb964743a6aca37905fda5e0452e5ee239b1654d37f2a",
                "sha256:b80f600eddddce72320dbbc8e3784d16bd3fb7b517e82476d8da921f27d4b249",
                "sha256:b864ba53912b6c3ab6bcb2beb19f19edd01a6bfcbdfe1f37ddd1778abfe75a30",
                "sha256:b9ec052b06a0524f0e35bd8790686a1da006bd911dd1ef7d50b77bfbad74e292",
                "sha256:ba2956617f1c42598a308a84c6cf021a90ff3862eddafd20c3333d50f0edb45b",
                "sha256:bdfea8c661e80d3c1c99ad7c3ff74e6e87184895bbaca6ee8cc61209f8b9b85d",
                "sha256:be4ed120b52ae4d974aa40215fcdfde9194d63541c7ded40ee12eb4dda57b76b",
                "sha256:c4302695ad8027363e96311df24ee28978162cdcdd2006476c43970b384a244c",
                "sha256:c48f54ef8e05f04d6eff74b8233f6063cb1ed960243eacc474ee73a2ea8573ca",
                "sha256:c9c59a2120b55788e800d82dfa99b9e156ff8f2227f07c5e3012a45a399620b7",
                "sha256:cd021c754b162c0fb55ad5d6b9d960db667faad0fa2ff25bb6e1301b0b6e6a75",
                "sha256:d27ec7509b9c18b6d73f2f5ede2622441de812e7b1a80bbd446cb0633bd3d5ae",
                "sha256:d5508f0b173e6aa47273bdc0a0b5ba055b59662ba7c7ee5119528f466585526b",
                "sha256:d75209eed723105f9596807495d58d10b3470fa6732dd6756595e89925ce2470",
                "sha256:db1a39669102a1d8d12b57de2bb7e2ec9066a6f2b3da35ae511ff93b01b5d564",
                "sha256:dbfcfc0218093a19c252ca8eb9aee3d29cfdcb586df21049b9d777fd32c14fd9",
                "sha256:e0f72c9ddb8cd28532185f54cc1453f2c16fb417a08b53a855c4e6a418edd099",
                "sha256:e7c8dc13af7db097bed64a051d2dd49e9f0af495c26995c00a9ee842690d34c0",
                "sha256:ea9872c80c132f4663822dd2a08d404073a5a9b5ba6155bea72fb2a79d1093b5",
                "sha256:eff4eb9b7eb3e4d0cae3d28c283dc16d9bed6b193c2e1ace3ed86ce48ea8df19",
                "sha256:f82d4d717d8ef19188687aa32b8363e96062911e63ba22a0cff7802a8e58e5f1",
                "sha256:fc3a569657468b6f3fb60587e48356fe512c1754ca05a564f11366ac9e306526"
            ],
            "markers": "platform_machine == 'aarch64' or (platform_machine == 'ppc64le' or (platform_machine == 'x86_64' or (platform_machine == 'amd64' or (platform_machine == 'AMD64' or (platform_machine == 'win32' or platform_machine == 'WIN32')))))",
            "version": "==2.0.2"
        },
        "sqlalchemy": {
            "hashes": [
                "sha256:09b6a94bbb1507b3fc75a3c98491f990b80a859eb5227378f6dac908dff74396",
                "sha256:0cdc65cbb95ae6813c51acffa65dd8d8272a52da42e3967fc98788fe185a0e0c",
                "sha256:21698ac65afe477400aacb56244b607477c192892e2f7a70492cae1e13f73040",
                "sha256:250e158a1f36c965dde1f949366eae9a57504a8cd7a4d968e66c2d0b3c18198d",
                "sha256:2cc70331b7aed25fed5260cf30a69e42eaf3d887a23a6e4f29a51167ae8a00e1",
                "sha256:32af8923cfe7b115d40b88604412450d2e4714f4b9a69b1966dfe6012e254789",
                "sha256:337ae79dc63b1c957dd2e9e7eed5235492886e2af45d8df4b28748ee4859b588",
                "sha256:3a1eb8ed5dc2a7bc554a612a57253f3682aea7e4c54c742153aef6a12fde10ee",
                "sha256:3ca04c2ccf6f70278905a371ae6eb61494e8c388e98cba909bc9458ceb73dda5",
                "sha256:42207a5237d8b211df1c04da4a8700bb9f366f5d7be14b1a2e39cc33d330428c",
                "sha256:4223002ab7faac63384019feb31eab4ae2233753fd06ea95690d4e148b5bf80d",
                "sha256:50fa610ac1e45e9adc161227cccbd5c75f8eef25b2ad4a0e080d48c27023415d",
                "sha256:5a64345a6f41c8c011df3f498cee8de39d9682ca2de14698b68a50bf3a03f6e5",
                "sha256:5b030f91dd310c0f1d7da0654fcc9d8574fe430693e29c544f5558c2426e08eb",
                "sha256:68b328500a20f328db6af2c6839eb69e3791b2cd544f5808a4b0123b130c7571",
                "sha256:692a2b1e0c82c678c84ccb3a9a226e0553dd115be3d5c54b1bb6ef35bc464da9",
                "sha256:6a091b9166ab9d8ff77c3155140105e76df1d585632fb9367a31b517960df78a",
                "sha256:6c5e056a6dc1ce29d5e0e54bc1ce669f3035ec18cb7e5c853122b5fdfe216f8f",
                "sha256:6c8e546c249f0d23821f4b31e5adfba8e39bc90140d39f7086d4a8422d1f0fa6",
                "sha256:6d82bb74a44f103d566f6c86d6db0ed944e99a7da93d6490c1e987a2b91d5613",
                "sha256:6f33587541eb6eb0292e82b314f5ef53159f63f14ae1c08b5ef6195732523afa",
                "sha256:7e0f74c66b2d0081cee5093150407ec43d23d0d5c70aa5b41f438ead1d39bc8d",
                "sha256:81ada150345ef9c709b647e2bcc8f688d62de6b8f06a7544bed76bef328c6636",
                "sha256:8a215d3e9de2af881c4eee60bf2b3576fb2eeb591a9af37ff2919cd74b68f162",
                "sha256:8df6722580ff89295e9d11b781d7a50ff6e48fdfe1c81362000925b4d4cbab31",
                "sha256:9a981a65dc0082009399eac6600b0983120bc3b850f3c1ed986f68648d9dbb4c",
                "sha256:a1906c954ee7287d46877636a66da157fc83553851013e42c862653ddacb380b",
                "sha256:aaf42183f93ad3801bc08c8a111de16802a2c32d16dcb9700daf1a8ae12d9d28",
                "sha256:af0683c905c856db70adf6d0f84398785f7be6cb4ffdad20d8e16fe426bdf6e8",
                "sha256:b3bdbd9a5b2788b5c51c4fffa2f875103d3c6d01b8f0dc4abbf075cea11741f5",
                "sha256:b4c73a3537f928ebf687244f2af9d477b3b14640b4472fcb2456ee0193850ba1",
                "sha256:c2590fd682d3b9dbecb2710ba83b28ba9df18e0c3c26c78bb950715566784723",
                "sha256:cd405d224c0f83f267bfcc430bd275195cb48bb9576f6949911faec16bba1216",
                "sha256:cf1447ec09d7c9ef0b3a65cea905690ed78ed88717beaac537271c005b0e4ea2",
                "sha256:d6753512214d0de6a5a1c05fe716a7d643c927eb0495341db6526577960cbb55",
                "sha256:d713d8c4b36c4f69eef33a70a4521e37b75a3ac9c86ee96626c4b052337978cc",
                "sha256:e424a385a234e0bbaac69b6b09894ce99aa285518dd9397846e78214671ec0b4",
                "sha256:e8707ba6e783d144209dab0324cc72147a1de34d404a61a08eef96fbb3c8909f",
                "sha256:ea2976a98076f44e7e8ab9a90b6dfa357253edddf687294b1bcd852ffe20e526",
                "sha256:f12cd526188f36f161eb71fb275b06d1879c565b07cf0ab2c2408c5059df1fed",
                "sha256:fa72fb1be5e6704d697471eb5cc07bf9cd98689be11ffa724efe2a3666d0f6c1"
            ],
            "index": "pypi",
            "version": "==2.0.8"
        },
        "typing-extensions": {
            "hashes": [
                "sha256:5cb5f4a79139d699607b3ef622a1dedafa84e115ab0024e0d9c044a9479ca7cb",
                "sha256:fb33085c39dd998ac16d1431ebc293a8b3eedd00fd4a32de0ff79002c19511b4"
            ],
            "markers": "python_version >= '3.7'",
            "version": "==4.5.0"
        }
    },
    "develop": {}
}
